
Microsoft Visual Studio Solution File, Format Version 12.00
# Visual Studio Version 16
VisualStudioVersion = 16.0.31613.86
MinimumVisualStudioVersion = 10.0.40219.1
Project("{FAE04EC0-301F-11D3-BF4B-00C04F79EFBC}") = "Todobrayan.Common", "Todobrayan.Common\Todobrayan.Common.csproj", "{DE8460DD-7290-4AFF-8674-3CDB58422CC8}"
EndProject
Project("{FAE04EC0-301F-11D3-BF4B-00C04F79EFBC}") = "Todobrayan.Functions", "Todobrayan.Functions\Todobrayan.Functions.csproj", "{A84E646A-9096-4D8E-ACEB-419C460FA7DC}"
EndProject
Project("{FAE04EC0-301F-11D3-BF4B-00C04F79EFBC}") = "Todobrayan.Test", "Todobrayan.Test\Todobrayan.Test.csproj", "{78E487A9-4B5A-4C5B-9E14-B0CD021AD8F9}"
EndProject
Global
	GlobalSection(SolutionConfigurationPlatforms) = preSolution
		Debug|Any CPU = Debug|Any CPU
		Release|Any CPU = Release|Any CPU
	EndGlobalSection
	GlobalSection(ProjectConfigurationPlatforms) = postSolution
		{DE8460DD-7290-4AFF-8674-3CDB58422CC8}.Debug|Any CPU.ActiveCfg = Debug|Any CPU
		{DE8460DD-7290-4AFF-8674-3CDB58422CC8}.Debug|Any CPU.Build.0 = Debug|Any CPU
		{DE8460DD-7290-4AFF-8674-3CDB58422CC8}.Release|Any CPU.ActiveCfg = Release|Any CPU
		{DE8460DD-7290-4AFF-8674-3CDB58422CC8}.Release|Any CPU.Build.0 = Release|Any CPU
		{A84E646A-9096-4D8E-ACEB-419C460FA7DC}.Debug|Any CPU.ActiveCfg = Debug|Any CPU
		{A84E646A-9096-4D8E-ACEB-419C460FA7DC}.Debug|Any CPU.Build.0 = Debug|Any CPU
		{A84E646A-9096-4D8E-ACEB-419C460FA7DC}.Release|Any CPU.ActiveCfg = Release|Any CPU
		{A84E646A-9096-4D8E-ACEB-419C460FA7DC}.Release|Any CPU.Build.0 = Release|Any CPU
		{78E487A9-4B5A-4C5B-9E14-B0CD021AD8F9}.Debug|Any CPU.ActiveCfg = Debug|Any CPU
		{78E487A9-4B5A-4C5B-9E14-B0CD021AD8F9}.Debug|Any CPU.Build.0 = Debug|Any CPU
		{78E487A9-4B5A-4C5B-9E14-B0CD021AD8F9}.Release|Any CPU.ActiveCfg = Release|Any CPU
		{78E487A9-4B5A-4C5B-9E14-B0CD021AD8F9}.Release|Any CPU.Build.0 = Release|Any CPU
	EndGlobalSection
	GlobalSection(SolutionProperties) = preSolution
		HideSolutionNode = FALSE
	EndGlobalSection
	GlobalSection(ExtensibilityGlobals) = postSolution
		SolutionGuid = {3DCF9784-6F14-4FE6-8697-2CA9DD206204}
	EndGlobalSection
EndGlobal
